# This file is automatically @generated by Cargo.
# It is not intended for manual editing.
[[package]]
name = "rust_arena_alloc_codegen"
version = "0.1.0"
dependencies = [
 "typed-arena 1.7.0 (registry+https://github.com/rust-lang/crates.io-index)",
]

[[package]]
name = "typed-arena"
version = "1.7.0"
source = "registry+https://github.com/rust-lang/crates.io-index"

[metadata]
"checksum typed-arena 1.7.0 (registry+https://github.com/rust-lang/crates.io-index)" = "a9b2228007eba4120145f785df0f6c92ea538f5a3635a612ecf4e334c8c1446d"
